
Microsoft Visual Studio Solution File, Format Version 12.00
# Visual Studio Version 17
VisualStudioVersion = 17.11.35208.52
MinimumVisualStudioVersion = 10.0.40219.1
Project("{FAE04EC0-301F-11D3-BF4B-00C04F79EFBC}") = "ExtremamenteBasico", "ExtremamenteBasico.csproj", "{D798771E-8D83-427A-A35B-D3B707F765AB}"
EndProject
Global
	GlobalSection(SolutionConfigurationPlatforms) = preSolution
		Debug|Any CPU = Debug|Any CPU
		Release|Any CPU = Release|Any CPU
	EndGlobalSection
	GlobalSection(ProjectConfigurationPlatforms) = postSolution
		{D798771E-8D83-427A-A35B-D3B707F765AB}.Debug|Any CPU.ActiveCfg = Debug|Any CPU
		{D798771E-8D83-427A-A35B-D3B707F765AB}.Debug|Any CPU.Build.0 = Debug|Any CPU
		{D798771E-8D83-427A-A35B-D3B707F765AB}.Release|Any CPU.ActiveCfg = Release|Any CPU
		{D798771E-8D83-427A-A35B-D3B707F765AB}.Release|Any CPU.Build.0 = Release|Any CPU
	EndGlobalSection
	GlobalSection(SolutionProperties) = preSolution
		HideSolutionNode = FALSE
	EndGlobalSection
	GlobalSection(ExtensibilityGlobals) = postSolution
		SolutionGuid = {A04AC557-22D3-4D5E-9FC0-9A9709BE0AEF}
	EndGlobalSection
EndGlobal
