
Microsoft Visual Studio Solution File, Format Version 12.00
# Visual Studio Version 17
VisualStudioVersion = 17.11.35208.52
MinimumVisualStudioVersion = 10.0.40219.1
Project("{FAE04EC0-301F-11D3-BF4B-00C04F79EFBC}") = "ProdutosSimples", "ProdutosSimples.csproj", "{F1C53B38-1D0B-40D9-ABCA-FC2A01B7F20E}"
EndProject
Global
	GlobalSection(SolutionConfigurationPlatforms) = preSolution
		Debug|Any CPU = Debug|Any CPU
		Release|Any CPU = Release|Any CPU
	EndGlobalSection
	GlobalSection(ProjectConfigurationPlatforms) = postSolution
		{F1C53B38-1D0B-40D9-ABCA-FC2A01B7F20E}.Debug|Any CPU.ActiveCfg = Debug|Any CPU
		{F1C53B38-1D0B-40D9-ABCA-FC2A01B7F20E}.Debug|Any CPU.Build.0 = Debug|Any CPU
		{F1C53B38-1D0B-40D9-ABCA-FC2A01B7F20E}.Release|Any CPU.ActiveCfg = Release|Any CPU
		{F1C53B38-1D0B-40D9-ABCA-FC2A01B7F20E}.Release|Any CPU.Build.0 = Release|Any CPU
	EndGlobalSection
	GlobalSection(SolutionProperties) = preSolution
		HideSolutionNode = FALSE
	EndGlobalSection
	GlobalSection(ExtensibilityGlobals) = postSolution
		SolutionGuid = {49789773-F586-489B-9716-F73092F6DEF6}
	EndGlobalSection
EndGlobal
