
Microsoft Visual Studio Solution File, Format Version 12.00
# Visual Studio Version 17
VisualStudioVersion = 17.11.35208.52
MinimumVisualStudioVersion = 10.0.40219.1
Project("{FAE04EC0-301F-11D3-BF4B-00C04F79EFBC}") = "DistanciaEntreDoisPontos", "DistanciaEntreDoisPontos.csproj", "{04CB7732-CB2B-4F0E-AF6E-69BC56A31206}"
EndProject
Global
	GlobalSection(SolutionConfigurationPlatforms) = preSolution
		Debug|Any CPU = Debug|Any CPU
		Release|Any CPU = Release|Any CPU
	EndGlobalSection
	GlobalSection(ProjectConfigurationPlatforms) = postSolution
		{04CB7732-CB2B-4F0E-AF6E-69BC56A31206}.Debug|Any CPU.ActiveCfg = Debug|Any CPU
		{04CB7732-CB2B-4F0E-AF6E-69BC56A31206}.Debug|Any CPU.Build.0 = Debug|Any CPU
		{04CB7732-CB2B-4F0E-AF6E-69BC56A31206}.Release|Any CPU.ActiveCfg = Release|Any CPU
		{04CB7732-CB2B-4F0E-AF6E-69BC56A31206}.Release|Any CPU.Build.0 = Release|Any CPU
	EndGlobalSection
	GlobalSection(SolutionProperties) = preSolution
		HideSolutionNode = FALSE
	EndGlobalSection
	GlobalSection(ExtensibilityGlobals) = postSolution
		SolutionGuid = {738FFD54-C23A-48F7-9634-CF21EA0BCE67}
	EndGlobalSection
EndGlobal
